
Microsoft Visual Studio Solution File, Format Version 12.00
# Visual Studio Version 17
VisualStudioVersion = 17.4.33110.190
MinimumVisualStudioVersion = 10.0.40219.1
Project("{FAE04EC0-301F-11D3-BF4B-00C04F79EFBC}") = "BlazorWebViewOnWPF", "BlazorWebViewOnWPF.csproj", "{172F996D-F326-410B-A5FA-655D792F8C2E}"
EndProject
Global
	GlobalSection(SolutionConfigurationPlatforms) = preSolution
		Debug|Any CPU = Debug|Any CPU
		Release|Any CPU = Release|Any CPU
	EndGlobalSection
	GlobalSection(ProjectConfigurationPlatforms) = postSolution
		{172F996D-F326-410B-A5FA-655D792F8C2E}.Debug|Any CPU.ActiveCfg = Debug|Any CPU
		{172F996D-F326-410B-A5FA-655D792F8C2E}.Debug|Any CPU.Build.0 = Debug|Any CPU
		{172F996D-F326-410B-A5FA-655D792F8C2E}.Release|Any CPU.ActiveCfg = Release|Any CPU
		{172F996D-F326-410B-A5FA-655D792F8C2E}.Release|Any CPU.Build.0 = Release|Any CPU
	EndGlobalSection
	GlobalSection(SolutionProperties) = preSolution
		HideSolutionNode = FALSE
	EndGlobalSection
	GlobalSection(ExtensibilityGlobals) = postSolution
		SolutionGuid = {376BB6B0-B056-4829-BD8E-E9E9E386A7A7}
	EndGlobalSection
EndGlobal
